{
  "name": "ai-ebook-generation-main",
  "lockfileVersion": 3,
  "requires": true,
  "packages": {
    "": {
      "dependencies": {
        "react-facebook-pixel": "^1.0.4"
      },
      "devDependencies": {
        "@types/aos": "^3.0.7"
      }
    },
    "node_modules/@types/aos": {
      "version": "3.0.7",
      "resolved": "https://registry.npmjs.org/@types/aos/-/aos-3.0.7.tgz",
      "integrity": "sha512-sEhyFqvKauUJZDbvAB3Pggynrq6g+2PS4XB3tmUr+mDL1gfDJnwslUC4QQ7/l8UD+LWpr3RxZVR/rHoZrLqZVg==",
      "dev": true
    },
    "node_modules/react-facebook-pixel": {
      "version": "1.0.4",
      "resolved": "https://registry.npmjs.org/react-facebook-pixel/-/react-facebook-pixel-1.0.4.tgz",
      "integrity": "sha512-givZY8MS0v/mdbRzvcvouBo/j0TtDiu/93f4gIjJXwDDgwlf6bYUiQvb2qcqjluOOD/hIKUQHNYLNsSOnoEklg=="
    }
  }
}
